
Microsoft Visual Studio Solution File, Format Version 12.00
# Visual Studio Version 16
VisualStudioVersion = 16.0.31702.278
MinimumVisualStudioVersion = 10.0.40219.1
Project("{8BC9CEB8-8B4A-11D0-8D11-00A0C91BC942}") = "UDP_CLR_CLIENT", "UDP_CLR_CLIENT\UDP_CLR_CLIENT.vcxproj", "{0DD0D073-0453-4A66-B43C-6A7A77251543}"
EndProject
Global
	GlobalSection(SolutionConfigurationPlatforms) = preSolution
		Debug|x64 = Debug|x64
		Debug|x86 = Debug|x86
		Release|x64 = Release|x64
		Release|x86 = Release|x86
	EndGlobalSection
	GlobalSection(ProjectConfigurationPlatforms) = postSolution
		{0DD0D073-0453-4A66-B43C-6A7A77251543}.Debug|x64.ActiveCfg = Debug|x64
		{0DD0D073-0453-4A66-B43C-6A7A77251543}.Debug|x64.Build.0 = Debug|x64
		{0DD0D073-0453-4A66-B43C-6A7A77251543}.Debug|x86.ActiveCfg = Debug|Win32
		{0DD0D073-0453-4A66-B43C-6A7A77251543}.Debug|x86.Build.0 = Debug|Win32
		{0DD0D073-0453-4A66-B43C-6A7A77251543}.Release|x64.ActiveCfg = Release|x64
		{0DD0D073-0453-4A66-B43C-6A7A77251543}.Release|x64.Build.0 = Release|x64
		{0DD0D073-0453-4A66-B43C-6A7A77251543}.Release|x86.ActiveCfg = Release|Win32
		{0DD0D073-0453-4A66-B43C-6A7A77251543}.Release|x86.Build.0 = Release|Win32
	EndGlobalSection
	GlobalSection(SolutionProperties) = preSolution
		HideSolutionNode = FALSE
	EndGlobalSection
	GlobalSection(ExtensibilityGlobals) = postSolution
		SolutionGuid = {02553E51-9AED-4AA5-A98D-E6966F073237}
	EndGlobalSection
EndGlobal
